{
  "name": "Patient_reminder_test",
  "lockfileVersion": 3,
  "requires": true,
  "packages": {
    "": {
      "dependencies": {
        "react": "^19.2.4",
        "react-dom": "^19.2.4"
      }
    },
    "node_modules/react": {
      "version": "19.2.5",
      "resolved": "https://registry.npmjs.org/react/-/react-19.2.5.tgz",
      "integrity": "sha512-llUJLzz1zTUBrskt2pwZgLq59AemifIftw4aB7JxOqf1HY2FDaGDxgwpAPVzHU1kdWabH7FauP4i1oEeer2WCA==",
      "license": "MIT",
      "engines": {
        "node": ">=0.10.0"
      }
    },
    "node_modules/react-dom": {
      "version": "19.2.5",
      "resolved": "https://registry.npmjs.org/react-dom/-/react-dom-19.2.5.tgz",
      "integrity": "sha512-J5bAZz+DXMMwW/wV3xzKke59Af6CHY7G4uYLN1OvBcKEsWOs4pQExj86BBKamxl/Ik5bx9whOrvBlSDfWzgSag==",
      "license": "MIT",
      "dependencies": {
        "scheduler": "^0.27.0"
      },
      "peerDependencies": {
        "react": "^19.2.5"
      }
    },
    "node_modules/scheduler": {
      "version": "0.27.0",
      "resolved": "https://registry.npmjs.org/scheduler/-/scheduler-0.27.0.tgz",
      "integrity": "sha512-eNv+WrVbKu1f3vbYJT/xtiF5syA5HPIMtf9IgY/nKg0sWqzAUEvqY/xm7OcZc/qafLx/iO9FgOmeSAp4v5ti/Q==",
      "license": "MIT"
    },
    "services/workflow": {
      "version": "0.0.1",
      "extraneous": true,
      "hasInstallScript": true,
      "license": "UNLICENSED",
      "dependencies": {
        "@aws-sdk/client-eventbridge": "^3.1019.0",
        "@aws-sdk/client-sqs": "^3.1019.0",
        "@aws-sdk/credential-providers": "^3.1019.0",
        "@nestjs/common": "^11.0.1",
        "@nestjs/core": "^11.0.1",
        "@nestjs/platform-express": "^11.0.1",
        "@prisma/client": "^6.19.2",
        "axios": "^1.14.0",
        "reflect-metadata": "^0.2.2",
        "rxjs": "^7.8.1"
      },
      "devDependencies": {
        "@eslint/eslintrc": "^3.2.0",
        "@eslint/js": "^9.18.0",
        "@nestjs/cli": "^11.0.0",
        "@nestjs/schematics": "^11.0.0",
        "@nestjs/testing": "^11.0.1",
        "@types/express": "^5.0.0",
        "@types/jest": "^30.0.0",
        "@types/node": "^22.10.7",
        "@types/supertest": "^6.0.2",
        "eslint": "^9.18.0",
        "eslint-config-prettier": "^10.0.1",
        "eslint-plugin-prettier": "^5.2.2",
        "globals": "^16.0.0",
        "jest": "^30.0.0",
        "prettier": "^3.4.2",
        "prisma": "^6.19.2",
        "source-map-support": "^0.5.21",
        "supertest": "^7.0.0",
        "ts-jest": "^29.2.5",
        "ts-loader": "^9.5.2",
        "ts-node": "^10.9.2",
        "tsconfig-paths": "^4.2.0",
        "typescript": "^5.7.3",
        "typescript-eslint": "^8.20.0"
      }
    }
  }
}
